// !$*UTF8*$!
{
	archiveVersion = 1;
	classes = {
	};
	objectVersion = 56;
	objects = {

/* Begin PBXBuildFile section */
		EE83B60D2A7B8C22002FF534 /* MyDarkColor.swift in Sources */ = {isa = PBXBuildFile; fileRef = EE83B60C2A7B8C22002FF534 /* MyDarkColor.swift */; };
		EE83B60F2A7B8E66002FF534 /* MyDivider.swift in Sources */ = {isa = PBXBuildFile; fileRef = EE83B60E2A7B8E66002FF534 /* MyDivider.swift */; };
		EE83B6112A7B93E6002FF534 /* MyModal.swift in Sources */ = {isa = PBXBuildFile; fileRef = EE83B6102A7B93E6002FF534 /* MyModal.swift */; };
		EE83B6132A7B9821002FF534 /* MyAlert.swift in Sources */ = {isa = PBXBuildFile; fileRef = EE83B6122A7B9821002FF534 /* MyAlert.swift */; };
		EEDFD3162A7E277200F6F05B /* MySecureField.swift in Sources */ = {isa = PBXBuildFile; fileRef = EEDFD3152A7E277200F6F05B /* MySecureField.swift */; };
		EEDFD3182A7E2E6300F6F05B /* MyProgress.swift in Sources */ = {isa = PBXBuildFile; fileRef = EEDFD3172A7E2E6300F6F05B /* MyProgress.swift */; };
		EF09657C2A7F361300F9FD6C /* MyAppear.swift in Sources */ = {isa = PBXBuildFile; fileRef = EF09657B2A7F361300F9FD6C /* MyAppear.swift */; };
		EF09657E2A7F3DCD00F9FD6C /* MyWrapUp2.swift in Sources */ = {isa = PBXBuildFile; fileRef = EF09657D2A7F3DCD00F9FD6C /* MyWrapUp2.swift */; };
		EF1626F02A7ACB2800191E4B /* MyViewSetting.swift in Sources */ = {isa = PBXBuildFile; fileRef = EF1626EF2A7ACB2800191E4B /* MyViewSetting.swift */; };
		EF837A9F2A7959A0002EF6C0 /* MyScroll.swift in Sources */ = {isa = PBXBuildFile; fileRef = EF837A9E2A7959A0002EF6C0 /* MyScroll.swift */; };
		EF837AA12A795B14002EF6C0 /* MyList.swift in Sources */ = {isa = PBXBuildFile; fileRef = EF837AA02A795B14002EF6C0 /* MyList.swift */; };
		EF837AA32A796253002EF6C0 /* MySection.swift in Sources */ = {isa = PBXBuildFile; fileRef = EF837AA22A796253002EF6C0 /* MySection.swift */; };
		EF9D44362A76B6DC00A70163 /* DailySwiftUIApp.swift in Sources */ = {isa = PBXBuildFile; fileRef = EF9D44352A76B6DC00A70163 /* DailySwiftUIApp.swift */; };
		EF9D44382A76B6DC00A70163 /* MyButton.swift in Sources */ = {isa = PBXBuildFile; fileRef = EF9D44372A76B6DC00A70163 /* MyButton.swift */; };
		EF9D443A2A76B6F200A70163 /* Assets.xcassets in Resources */ = {isa = PBXBuildFile; fileRef = EF9D44392A76B6F200A70163 /* Assets.xcassets */; };
		EF9D443D2A76B6F200A70163 /* Preview Assets.xcassets in Resources */ = {isa = PBXBuildFile; fileRef = EF9D443C2A76B6F200A70163 /* Preview Assets.xcassets */; };
		EF9D44442A76C0D500A70163 /* MyText.swift in Sources */ = {isa = PBXBuildFile; fileRef = EF9D44432A76C0D500A70163 /* MyText.swift */; };
		EF9D44462A76C46700A70163 /* MyImage.swift in Sources */ = {isa = PBXBuildFile; fileRef = EF9D44452A76C46700A70163 /* MyImage.swift */; };
		EFC6E4B02A7C031F00457328 /* MyToggle.swift in Sources */ = {isa = PBXBuildFile; fileRef = EFC6E4AF2A7C031F00457328 /* MyToggle.swift */; };
		EFC6E4B42A7C084E00457328 /* MyTextField.swift in Sources */ = {isa = PBXBuildFile; fileRef = EFC6E4B32A7C084E00457328 /* MyTextField.swift */; };
		EFD3768A2A7E7E060079AAB4 /* MyLabel.swift in Sources */ = {isa = PBXBuildFile; fileRef = EFD376892A7E7E060079AAB4 /* MyLabel.swift */; };
		EFD3768C2A7E82F00079AAB4 /* MyNavigationView.swift in Sources */ = {isa = PBXBuildFile; fileRef = EFD3768B2A7E82F00079AAB4 /* MyNavigationView.swift */; };
		EFD3768F2A7E873E0079AAB4 /* MyNavigationStack.swift in Sources */ = {isa = PBXBuildFile; fileRef = EFD3768E2A7E873E0079AAB4 /* MyNavigationStack.swift */; };
		EFD9BBC62A7B6A6D00D68C2D /* MyFrame.swift in Sources */ = {isa = PBXBuildFile; fileRef = EFD9BBC52A7B6A6D00D68C2D /* MyFrame.swift */; };
		EFD9BBC92A7B711800D68C2D /* ContentView.swift in Sources */ = {isa = PBXBuildFile; fileRef = EFD9BBC82A7B711800D68C2D /* ContentView.swift */; };
		EFDEC7DD2A7AC70900604A37 /* MyState.swift in Sources */ = {isa = PBXBuildFile; fileRef = EFDEC7DC2A7AC70900604A37 /* MyState.swift */; };
		EFEDDFD72A7A97F300672E17 /* MyColor.swift in Sources */ = {isa = PBXBuildFile; fileRef = EFEDDFD62A7A97F300672E17 /* MyColor.swift */; };
		EFEDDFD92A7A9C8700672E17 /* MyView.swift in Sources */ = {isa = PBXBuildFile; fileRef = EFEDDFD82A7A9C8700672E17 /* MyView.swift */; };
		EFF063802A7BCBD9001BA11E /* MyTapView.swift in Sources */ = {isa = PBXBuildFile; fileRef = EFF0637F2A7BCBD9001BA11E /* MyTapView.swift */; };
		EFF734322A78105F0016E70D /* MyStack.swift in Sources */ = {isa = PBXBuildFile; fileRef = EFF734312A78105F0016E70D /* MyStack.swift */; };
/* End PBXBuildFile section */

/* Begin PBXFileReference section */
		EE83B60C2A7B8C22002FF534 /* MyDarkColor.swift */ = {isa = PBXFileReference; lastKnownFileType = sourcecode.swift; path = MyDarkColor.swift; sourceTree = "<group>"; };
		EE83B60E2A7B8E66002FF534 /* MyDivider.swift */ = {isa = PBXFileReference; lastKnownFileType = sourcecode.swift; path = MyDivider.swift; sourceTree = "<group>"; };
		EE83B6102A7B93E6002FF534 /* MyModal.swift */ = {isa = PBXFileReference; lastKnownFileType = sourcecode.swift; path = MyModal.swift; sourceTree = "<group>"; };
		EE83B6122A7B9821002FF534 /* MyAlert.swift */ = {isa = PBXFileReference; lastKnownFileType = sourcecode.swift; path = MyAlert.swift; sourceTree = "<group>"; };
		EEDFD3152A7E277200F6F05B /* MySecureField.swift */ = {isa = PBXFileReference; lastKnownFileType = sourcecode.swift; path = MySecureField.swift; sourceTree = "<group>"; };
		EEDFD3172A7E2E6300F6F05B /* MyProgress.swift */ = {isa = PBXFileReference; lastKnownFileType = sourcecode.swift; path = MyProgress.swift; sourceTree = "<group>"; };
		EF09657B2A7F361300F9FD6C /* MyAppear.swift */ = {isa = PBXFileReference; lastKnownFileType = sourcecode.swift; path = MyAppear.swift; sourceTree = "<group>"; };
		EF09657D2A7F3DCD00F9FD6C /* MyWrapUp2.swift */ = {isa = PBXFileReference; lastKnownFileType = sourcecode.swift; path = MyWrapUp2.swift; sourceTree = "<group>"; };
		EF1626EF2A7ACB2800191E4B /* MyViewSetting.swift */ = {isa = PBXFileReference; lastKnownFileType = sourcecode.swift; path = MyViewSetting.swift; sourceTree = "<group>"; };
		EF837A9E2A7959A0002EF6C0 /* MyScroll.swift */ = {isa = PBXFileReference; lastKnownFileType = sourcecode.swift; path = MyScroll.swift; sourceTree = "<group>"; };
		EF837AA02A795B14002EF6C0 /* MyList.swift */ = {isa = PBXFileReference; lastKnownFileType = sourcecode.swift; path = MyList.swift; sourceTree = "<group>"; };
		EF837AA22A796253002EF6C0 /* MySection.swift */ = {isa = PBXFileReference; lastKnownFileType = sourcecode.swift; path = MySection.swift; sourceTree = "<group>"; };
		EF9D44322A76B6DC00A70163 /* DailySwiftUI.app */ = {isa = PBXFileReference; explicitFileType = wrapper.application; includeInIndex = 0; path = DailySwiftUI.app; sourceTree = BUILT_PRODUCTS_DIR; };
		EF9D44352A76B6DC00A70163 /* DailySwiftUIApp.swift */ = {isa = PBXFileReference; lastKnownFileType = sourcecode.swift; path = DailySwiftUIApp.swift; sourceTree = "<group>"; };
		EF9D44372A76B6DC00A70163 /* MyButton.swift */ = {isa = PBXFileReference; lastKnownFileType = sourcecode.swift; path = MyButton.swift; sourceTree = "<group>"; };
		EF9D44392A76B6F200A70163 /* Assets.xcassets */ = {isa = PBXFileReference; lastKnownFileType = folder.assetcatalog; path = Assets.xcassets; sourceTree = "<group>"; };
		EF9D443C2A76B6F200A70163 /* Preview Assets.xcassets */ = {isa = PBXFileReference; lastKnownFileType = folder.assetcatalog; path = "Preview Assets.xcassets"; sourceTree = "<group>"; };
		EF9D44432A76C0D500A70163 /* MyText.swift */ = {isa = PBXFileReference; lastKnownFileType = sourcecode.swift; path = MyText.swift; sourceTree = "<group>"; };
		EF9D44452A76C46700A70163 /* MyImage.swift */ = {isa = PBXFileReference; lastKnownFileType = sourcecode.swift; path = MyImage.swift; sourceTree = "<group>"; };
		EFC6E4AF2A7C031F00457328 /* MyToggle.swift */ = {isa = PBXFileReference; lastKnownFileType = sourcecode.swift; path = MyToggle.swift; sourceTree = "<group>"; };
		EFC6E4B32A7C084E00457328 /* MyTextField.swift */ = {isa = PBXFileReference; lastKnownFileType = sourcecode.swift; path = MyTextField.swift; sourceTree = "<group>"; };
		EFD376892A7E7E060079AAB4 /* MyLabel.swift */ = {isa = PBXFileReference; lastKnownFileType = sourcecode.swift; path = MyLabel.swift; sourceTree = "<group>"; };
		EFD3768B2A7E82F00079AAB4 /* MyNavigationView.swift */ = {isa = PBXFileReference; lastKnownFileType = sourcecode.swift; path = MyNavigationView.swift; sourceTree = "<group>"; };
		EFD3768E2A7E873E0079AAB4 /* MyNavigationStack.swift */ = {isa = PBXFileReference; lastKnownFileType = sourcecode.swift; path = MyNavigationStack.swift; sourceTree = "<group>"; };
		EFD9BBC52A7B6A6D00D68C2D /* MyFrame.swift */ = {isa = PBXFileReference; lastKnownFileType = sourcecode.swift; path = MyFrame.swift; sourceTree = "<group>"; };
		EFD9BBC82A7B711800D68C2D /* ContentView.swift */ = {isa = PBXFileReference; lastKnownFileType = sourcecode.swift; path = ContentView.swift; sourceTree = "<group>"; };
		EFDEC7DC2A7AC70900604A37 /* MyState.swift */ = {isa = PBXFileReference; lastKnownFileType = sourcecode.swift; path = MyState.swift; sourceTree = "<group>"; };
		EFEDDFD62A7A97F300672E17 /* MyColor.swift */ = {isa = PBXFileReference; lastKnownFileType = sourcecode.swift; path = MyColor.swift; sourceTree = "<group>"; };
		EFEDDFD82A7A9C8700672E17 /* MyView.swift */ = {isa = PBXFileReference; lastKnownFileType = sourcecode.swift; path = MyView.swift; sourceTree = "<group>"; };
		EFF0637F2A7BCBD9001BA11E /* MyTapView.swift */ = {isa = PBXFileReference; lastKnownFileType = sourcecode.swift; path = MyTapView.swift; sourceTree = "<group>"; };
		EFF734312A78105F0016E70D /* MyStack.swift */ = {isa = PBXFileReference; lastKnownFileType = sourcecode.swift; path = MyStack.swift; sourceTree = "<group>"; };
/* End PBXFileReference section */

/* Begin PBXFrameworksBuildPhase section */
		EF9D442F2A76B6DC00A70163 /* Frameworks */ = {
			isa = PBXFrameworksBuildPhase;
			buildActionMask = 2147483647;
			files = (
			);
			runOnlyForDeploymentPostprocessing = 0;
		};
/* End PBXFrameworksBuildPhase section */

/* Begin PBXGroup section */
		EF1626EE2A7ACAD500191E4B /* Views */ = {
			isa = PBXGroup;
			children = (
				EFEDDFD82A7A9C8700672E17 /* MyView.swift */,
				EE83B6102A7B93E6002FF534 /* MyModal.swift */,
				EE83B6122A7B9821002FF534 /* MyAlert.swift */,
				EFF0637F2A7BCBD9001BA11E /* MyTapView.swift */,
				EEDFD3172A7E2E6300F6F05B /* MyProgress.swift */,
				EF09657B2A7F361300F9FD6C /* MyAppear.swift */,
			);
			path = Views;
			sourceTree = "<group>";
		};
		EF9D44292A76B6DC00A70163 = {
			isa = PBXGroup;
			children = (
				EF9D44342A76B6DC00A70163 /* DailySwiftUI */,
				EF9D44332A76B6DC00A70163 /* Products */,
			);
			sourceTree = "<group>";
		};
		EF9D44332A76B6DC00A70163 /* Products */ = {
			isa = PBXGroup;
			children = (
				EF9D44322A76B6DC00A70163 /* DailySwiftUI.app */,
			);
			name = Products;
			sourceTree = "<group>";
		};
		EF9D44342A76B6DC00A70163 /* DailySwiftUI */ = {
			isa = PBXGroup;
			children = (
				EF9D44352A76B6DC00A70163 /* DailySwiftUIApp.swift */,
				EFD9BBC82A7B711800D68C2D /* ContentView.swift */,
				EFD3768D2A7E82F60079AAB4 /* page */,
				EFD9BBC72A7B6AE100D68C2D /* MyModifier */,
				EF1626EE2A7ACAD500191E4B /* Views */,
				EFEDDFD22A7A92D400672E17 /* Stacks */,
				EFEDDFD32A7A934B00672E17 /* Button */,
				EFEDDFD02A7A929900672E17 /* Lists */,
				EFEDDFD12A7A92C700672E17 /* Text */,
				EF9D44392A76B6F200A70163 /* Assets.xcassets */,
				EF9D443B2A76B6F200A70163 /* Preview Content */,
			);
			path = DailySwiftUI;
			sourceTree = "<group>";
		};
		EF9D443B2A76B6F200A70163 /* Preview Content */ = {
			isa = PBXGroup;
			children = (
				EF9D443C2A76B6F200A70163 /* Preview Assets.xcassets */,
			);
			path = "Preview Content";
			sourceTree = "<group>";
		};
		EFD3768D2A7E82F60079AAB4 /* page */ = {
			isa = PBXGroup;
			children = (
				EFD3768B2A7E82F00079AAB4 /* MyNavigationView.swift */,
				EFD3768E2A7E873E0079AAB4 /* MyNavigationStack.swift */,
				EF09657D2A7F3DCD00F9FD6C /* MyWrapUp2.swift */,
			);
			path = page;
			sourceTree = "<group>";
		};
		EFD9BBC72A7B6AE100D68C2D /* MyModifier */ = {
			isa = PBXGroup;
			children = (
				EFD9BBC52A7B6A6D00D68C2D /* MyFrame.swift */,
			);
			path = MyModifier;
			sourceTree = "<group>";
		};
		EFEDDFD02A7A929900672E17 /* Lists */ = {
			isa = PBXGroup;
			children = (
				EF837AA02A795B14002EF6C0 /* MyList.swift */,
				EF837AA22A796253002EF6C0 /* MySection.swift */,
				EFDEC7DC2A7AC70900604A37 /* MyState.swift */,
				EF1626EF2A7ACB2800191E4B /* MyViewSetting.swift */,
			);
			path = Lists;
			sourceTree = "<group>";
		};
		EFEDDFD12A7A92C700672E17 /* Text */ = {
			isa = PBXGroup;
			children = (
				EF9D44432A76C0D500A70163 /* MyText.swift */,
				EF9D44452A76C46700A70163 /* MyImage.swift */,
				EFEDDFD62A7A97F300672E17 /* MyColor.swift */,
				EE83B60C2A7B8C22002FF534 /* MyDarkColor.swift */,
				EE83B60E2A7B8E66002FF534 /* MyDivider.swift */,
				EFC6E4B32A7C084E00457328 /* MyTextField.swift */,
				EEDFD3152A7E277200F6F05B /* MySecureField.swift */,
				EFD376892A7E7E060079AAB4 /* MyLabel.swift */,
			);
			path = Text;
			sourceTree = "<group>";
		};
		EFEDDFD22A7A92D400672E17 /* Stacks */ = {
			isa = PBXGroup;
			children = (
				EF837A9E2A7959A0002EF6C0 /* MyScroll.swift */,
				EFF734312A78105F0016E70D /* MyStack.swift */,
			);
			path = Stacks;
			sourceTree = "<group>";
		};
		EFEDDFD32A7A934B00672E17 /* Button */ = {
			isa = PBXGroup;
			children = (
				EF9D44372A76B6DC00A70163 /* MyButton.swift */,
				EFC6E4AF2A7C031F00457328 /* MyToggle.swift */,
			);
			path = Button;
			sourceTree = "<group>";
		};
/* End PBXGroup section */

/* Begin PBXNativeTarget section */
		EF9D44312A76B6DC00A70163 /* DailySwiftUI */ = {
			isa = PBXNativeTarget;
			buildConfigurationList = EF9D44402A76B6F200A70163 /* Build configuration list for PBXNativeTarget "DailySwiftUI" */;
			buildPhases = (
				EF9D442E2A76B6DC00A70163 /* Sources */,
				EF9D442F2A76B6DC00A70163 /* Frameworks */,
				EF9D44302A76B6DC00A70163 /* Resources */,
			);
			buildRules = (
			);
			dependencies = (
			);
			name = DailySwiftUI;
			productName = DailySwiftUI;
			productReference = EF9D44322A76B6DC00A70163 /* DailySwiftUI.app */;
			productType = "com.apple.product-type.application";
		};
/* End PBXNativeTarget section */

/* Begin PBXProject section */
		EF9D442A2A76B6DC00A70163 /* Project object */ = {
			isa = PBXProject;
			attributes = {
				BuildIndependentTargetsInParallel = 1;
				LastSwiftUpdateCheck = 1430;
				LastUpgradeCheck = 1430;
				TargetAttributes = {
					EF9D44312A76B6DC00A70163 = {
						CreatedOnToolsVersion = 14.3.1;
					};
				};
			};
			buildConfigurationList = EF9D442D2A76B6DC00A70163 /* Build configuration list for PBXProject "DailySwiftUI" */;
			compatibilityVersion = "Xcode 14.0";
			developmentRegion = en;
			hasScannedForEncodings = 0;
			knownRegions = (
				en,
				Base,
			);
			mainGroup = EF9D44292A76B6DC00A70163;
			productRefGroup = EF9D44332A76B6DC00A70163 /* Products */;
			projectDirPath = "";
			projectRoot = "";
			targets = (
				EF9D44312A76B6DC00A70163 /* DailySwiftUI */,
			);
		};
/* End PBXProject section */

/* Begin PBXResourcesBuildPhase section */
		EF9D44302A76B6DC00A70163 /* Resources */ = {
			isa = PBXResourcesBuildPhase;
			buildActionMask = 2147483647;
			files = (
				EF9D443D2A76B6F200A70163 /* Preview Assets.xcassets in Resources */,
				EF9D443A2A76B6F200A70163 /* Assets.xcassets in Resources */,
			);
			runOnlyForDeploymentPostprocessing = 0;
		};
/* End PBXResourcesBuildPhase section */

/* Begin PBXSourcesBuildPhase section */
		EF9D442E2A76B6DC00A70163 /* Sources */ = {
			isa = PBXSourcesBuildPhase;
			buildActionMask = 2147483647;
			files = (
				EF837A9F2A7959A0002EF6C0 /* MyScroll.swift in Sources */,
				EF9D44382A76B6DC00A70163 /* MyButton.swift in Sources */,
				EE83B6112A7B93E6002FF534 /* MyModal.swift in Sources */,
				EFD9BBC62A7B6A6D00D68C2D /* MyFrame.swift in Sources */,
				EFF063802A7BCBD9001BA11E /* MyTapView.swift in Sources */,
				EFEDDFD92A7A9C8700672E17 /* MyView.swift in Sources */,
				EEDFD3162A7E277200F6F05B /* MySecureField.swift in Sources */,
				EF9D44462A76C46700A70163 /* MyImage.swift in Sources */,
				EF9D44362A76B6DC00A70163 /* DailySwiftUIApp.swift in Sources */,
				EF9D44442A76C0D500A70163 /* MyText.swift in Sources */,
				EE83B60F2A7B8E66002FF534 /* MyDivider.swift in Sources */,
				EFD3768C2A7E82F00079AAB4 /* MyNavigationView.swift in Sources */,
				EF09657C2A7F361300F9FD6C /* MyAppear.swift in Sources */,
				EFEDDFD72A7A97F300672E17 /* MyColor.swift in Sources */,
				EE83B6132A7B9821002FF534 /* MyAlert.swift in Sources */,
				EFD3768F2A7E873E0079AAB4 /* MyNavigationStack.swift in Sources */,
				EEDFD3182A7E2E6300F6F05B /* MyProgress.swift in Sources */,
				EF09657E2A7F3DCD00F9FD6C /* MyWrapUp2.swift in Sources */,
				EFD3768A2A7E7E060079AAB4 /* MyLabel.swift in Sources */,
				EF837AA32A796253002EF6C0 /* MySection.swift in Sources */,
				EFC6E4B02A7C031F00457328 /* MyToggle.swift in Sources */,
				EF837AA12A795B14002EF6C0 /* MyList.swift in Sources */,
				EFC6E4B42A7C084E00457328 /* MyTextField.swift in Sources */,
				EFD9BBC92A7B711800D68C2D /* ContentView.swift in Sources */,
				EFF734322A78105F0016E70D /* MyStack.swift in Sources */,
				EE83B60D2A7B8C22002FF534 /* MyDarkColor.swift in Sources */,
				EF1626F02A7ACB2800191E4B /* MyViewSetting.swift in Sources */,
				EFDEC7DD2A7AC70900604A37 /* MyState.swift in Sources */,
			);
			runOnlyForDeploymentPostprocessing = 0;
		};
/* End PBXSourcesBuildPhase section */

/* Begin XCBuildConfiguration section */
		EF9D443E2A76B6F200A70163 /* Debug */ = {
			isa = XCBuildConfiguration;
			buildSettings = {
				ALWAYS_SEARCH_USER_PATHS = NO;
				CLANG_ANALYZER_NONNULL = YES;
				CLANG_ANALYZER_NUMBER_OBJECT_CONVERSION = YES_AGGRESSIVE;
				CLANG_CXX_LANGUAGE_STANDARD = "gnu++20";
				CLANG_ENABLE_MODULES = YES;
				CLANG_ENABLE_OBJC_ARC = YES;
				CLANG_ENABLE_OBJC_WEAK = YES;
				CLANG_WARN_BLOCK_CAPTURE_AUTORELEASING = YES;
				CLANG_WARN_BOOL_CONVERSION = YES;
				CLANG_WARN_COMMA = YES;
				CLANG_WARN_CONSTANT_CONVERSION = YES;
				CLANG_WARN_DEPRECATED_OBJC_IMPLEMENTATIONS = YES;
				CLANG_WARN_DIRECT_OBJC_ISA_USAGE = YES_ERROR;
				CLANG_WARN_DOCUMENTATION_COMMENTS = YES;
				CLANG_WARN_EMPTY_BODY = YES;
				CLANG_WARN_ENUM_CONVERSION = YES;
				CLANG_WARN_INFINITE_RECURSION = YES;
				CLANG_WARN_INT_CONVERSION = YES;
				CLANG_WARN_NON_LITERAL_NULL_CONVERSION = YES;
				CLANG_WARN_OBJC_IMPLICIT_RETAIN_SELF = YES;
				CLANG_WARN_OBJC_LITERAL_CONVERSION = YES;
				CLANG_WARN_OBJC_ROOT_CLASS = YES_ERROR;
				CLANG_WARN_QUOTED_INCLUDE_IN_FRAMEWORK_HEADER = YES;
				CLANG_WARN_RANGE_LOOP_ANALYSIS = YES;
				CLANG_WARN_STRICT_PROTOTYPES = YES;
				CLANG_WARN_SUSPICIOUS_MOVE = YES;
				CLANG_WARN_UNGUARDED_AVAILABILITY = YES_AGGRESSIVE;
				CLANG_WARN_UNREACHABLE_CODE = YES;
				CLANG_WARN__DUPLICATE_METHOD_MATCH = YES;
				COPY_PHASE_STRIP = NO;
				DEBUG_INFORMATION_FORMAT = dwarf;
				ENABLE_STRICT_OBJC_MSGSEND = YES;
				ENABLE_TESTABILITY = YES;
				GCC_C_LANGUAGE_STANDARD = gnu11;
				GCC_DYNAMIC_NO_PIC = NO;
				GCC_NO_COMMON_BLOCKS = YES;
				GCC_OPTIMIZATION_LEVEL = 0;
				GCC_PREPROCESSOR_DEFINITIONS = (
					"DEBUG=1",
					"$(inherited)",
				);
				GCC_WARN_64_TO_32_BIT_CONVERSION = YES;
				GCC_WARN_ABOUT_RETURN_TYPE = YES_ERROR;
				GCC_WARN_UNDECLARED_SELECTOR = YES;
				GCC_WARN_UNINITIALIZED_AUTOS = YES_AGGRESSIVE;
				GCC_WARN_UNUSED_FUNCTION = YES;
				GCC_WARN_UNUSED_VARIABLE = YES;
				IPHONEOS_DEPLOYMENT_TARGET = 16.4;
				MTL_ENABLE_DEBUG_INFO = INCLUDE_SOURCE;
				MTL_FAST_MATH = YES;
				ONLY_ACTIVE_ARCH = YES;
				SDKROOT = iphoneos;
				SWIFT_ACTIVE_COMPILATION_CONDITIONS = DEBUG;
				SWIFT_OPTIMIZATION_LEVEL = "-Onone";
			};
			name = Debug;
		};
		EF9D443F2A76B6F200A70163 /* Release */ = {
			isa = XCBuildConfiguration;
			buildSettings = {
				ALWAYS_SEARCH_USER_PATHS = NO;
				CLANG_ANALYZER_NONNULL = YES;
				CLANG_ANALYZER_NUMBER_OBJECT_CONVERSION = YES_AGGRESSIVE;
				CLANG_CXX_LANGUAGE_STANDARD = "gnu++20";
				CLANG_ENABLE_MODULES = YES;
				CLANG_ENABLE_OBJC_ARC = YES;
				CLANG_ENABLE_OBJC_WEAK = YES;
				CLANG_WARN_BLOCK_CAPTURE_AUTORELEASING = YES;
				CLANG_WARN_BOOL_CONVERSION = YES;
				CLANG_WARN_COMMA = YES;
				CLANG_WARN_CONSTANT_CONVERSION = YES;
				CLANG_WARN_DEPRECATED_OBJC_IMPLEMENTATIONS = YES;
				CLANG_WARN_DIRECT_OBJC_ISA_USAGE = YES_ERROR;
				CLANG_WARN_DOCUMENTATION_COMMENTS = YES;
				CLANG_WARN_EMPTY_BODY = YES;
				CLANG_WARN_ENUM_CONVERSION = YES;
				CLANG_WARN_INFINITE_RECURSION = YES;
				CLANG_WARN_INT_CONVERSION = YES;
				CLANG_WARN_NON_LITERAL_NULL_CONVERSION = YES;
				CLANG_WARN_OBJC_IMPLICIT_RETAIN_SELF = YES;
				CLANG_WARN_OBJC_LITERAL_CONVERSION = YES;
				CLANG_WARN_OBJC_ROOT_CLASS = YES_ERROR;
				CLANG_WARN_QUOTED_INCLUDE_IN_FRAMEWORK_HEADER = YES;
				CLANG_WARN_RANGE_LOOP_ANALYSIS = YES;
				CLANG_WARN_STRICT_PROTOTYPES = YES;
				CLANG_WARN_SUSPICIOUS_MOVE = YES;
				CLANG_WARN_UNGUARDED_AVAILABILITY = YES_AGGRESSIVE;
				CLANG_WARN_UNREACHABLE_CODE = YES;
				CLANG_WARN__DUPLICATE_METHOD_MATCH = YES;
				COPY_PHASE_STRIP = NO;
				DEBUG_INFORMATION_FORMAT = "dwarf-with-dsym";
				ENABLE_NS_ASSERTIONS = NO;
				ENABLE_STRICT_OBJC_MSGSEND = YES;
				GCC_C_LANGUAGE_STANDARD = gnu11;
				GCC_NO_COMMON_BLOCKS = YES;
				GCC_WARN_64_TO_32_BIT_CONVERSION = YES;
				GCC_WARN_ABOUT_RETURN_TYPE = YES_ERROR;
				GCC_WARN_UNDECLARED_SELECTOR = YES;
				GCC_WARN_UNINITIALIZED_AUTOS = YES_AGGRESSIVE;
				GCC_WARN_UNUSED_FUNCTION = YES;
				GCC_WARN_UNUSED_VARIABLE = YES;
				IPHONEOS_DEPLOYMENT_TARGET = 16.4;
				MTL_ENABLE_DEBUG_INFO = NO;
				MTL_FAST_MATH = YES;
				SDKROOT = iphoneos;
				SWIFT_COMPILATION_MODE = wholemodule;
				SWIFT_OPTIMIZATION_LEVEL = "-O";
				VALIDATE_PRODUCT = YES;
			};
			name = Release;
		};
		EF9D44412A76B6F200A70163 /* Debug */ = {
			isa = XCBuildConfiguration;
			buildSettings = {
				ASSETCATALOG_COMPILER_APPICON_NAME = AppIcon;
				ASSETCATALOG_COMPILER_GLOBAL_ACCENT_COLOR_NAME = AccentColor;
				CODE_SIGN_STYLE = Automatic;
				CURRENT_PROJECT_VERSION = 1;
				DEVELOPMENT_ASSET_PATHS = "\"DailySwiftUI/Preview Content\"";
				DEVELOPMENT_TEAM = 43Q8PXVYS8;
				ENABLE_PREVIEWS = YES;
				GENERATE_INFOPLIST_FILE = YES;
				INFOPLIST_KEY_UIApplicationSceneManifest_Generation = YES;
				INFOPLIST_KEY_UIApplicationSupportsIndirectInputEvents = YES;
				INFOPLIST_KEY_UILaunchScreen_Generation = YES;
				INFOPLIST_KEY_UISupportedInterfaceOrientations_iPad = "UIInterfaceOrientationPortrait UIInterfaceOrientationPortraitUpsideDown UIInterfaceOrientationLandscapeLeft UIInterfaceOrientationLandscapeRight";
				INFOPLIST_KEY_UISupportedInterfaceOrientations_iPhone = "UIInterfaceOrientationPortrait UIInterfaceOrientationLandscapeLeft UIInterfaceOrientationLandscapeRight";
				LD_RUNPATH_SEARCH_PATHS = (
					"$(inherited)",
					"@executable_path/Frameworks",
				);
				MARKETING_VERSION = 1.0;
				PRODUCT_BUNDLE_IDENTIFIER = yooniekim.DailySwiftUI;
				PRODUCT_NAME = "$(TARGET_NAME)";
				SWIFT_EMIT_LOC_STRINGS = YES;
				SWIFT_VERSION = 5.0;
				TARGETED_DEVICE_FAMILY = "1,2";
			};
			name = Debug;
		};
		EF9D44422A76B6F200A70163 /* Release */ = {
			isa = XCBuildConfiguration;
			buildSettings = {
				ASSETCATALOG_COMPILER_APPICON_NAME = AppIcon;
				ASSETCATALOG_COMPILER_GLOBAL_ACCENT_COLOR_NAME = AccentColor;
				CODE_SIGN_STYLE = Automatic;
				CURRENT_PROJECT_VERSION = 1;
				DEVELOPMENT_ASSET_PATHS = "\"DailySwiftUI/Preview Content\"";
				DEVELOPMENT_TEAM = 43Q8PXVYS8;
				ENABLE_PREVIEWS = YES;
				GENERATE_INFOPLIST_FILE = YES;
				INFOPLIST_KEY_UIApplicationSceneManifest_Generation = YES;
				INFOPLIST_KEY_UIApplicationSupportsIndirectInputEvents = YES;
				INFOPLIST_KEY_UILaunchScreen_Generation = YES;
				INFOPLIST_KEY_UISupportedInterfaceOrientations_iPad = "UIInterfaceOrientationPortrait UIInterfaceOrientationPortraitUpsideDown UIInterfaceOrientationLandscapeLeft UIInterfaceOrientationLandscapeRight";
				INFOPLIST_KEY_UISupportedInterfaceOrientations_iPhone = "UIInterfaceOrientationPortrait UIInterfaceOrientationLandscapeLeft UIInterfaceOrientationLandscapeRight";
				LD_RUNPATH_SEARCH_PATHS = (
					"$(inherited)",
					"@executable_path/Frameworks",
				);
				MARKETING_VERSION = 1.0;
				PRODUCT_BUNDLE_IDENTIFIER = yooniekim.DailySwiftUI;
				PRODUCT_NAME = "$(TARGET_NAME)";
				SWIFT_EMIT_LOC_STRINGS = YES;
				SWIFT_VERSION = 5.0;
				TARGETED_DEVICE_FAMILY = "1,2";
			};
			name = Release;
		};
/* End XCBuildConfiguration section */

/* Begin XCConfigurationList section */
		EF9D442D2A76B6DC00A70163 /* Build configuration list for PBXProject "DailySwiftUI" */ = {
			isa = XCConfigurationList;
			buildConfigurations = (
				EF9D443E2A76B6F200A70163 /* Debug */,
				EF9D443F2A76B6F200A70163 /* Release */,
			);
			defaultConfigurationIsVisible = 0;
			defaultConfigurationName = Release;
		};
		EF9D44402A76B6F200A70163 /* Build configuration list for PBXNativeTarget "DailySwiftUI" */ = {
			isa = XCConfigurationList;
			buildConfigurations = (
				EF9D44412A76B6F200A70163 /* Debug */,
				EF9D44422A76B6F200A70163 /* Release */,
			);
			defaultConfigurationIsVisible = 0;
			defaultConfigurationName = Release;
		};
/* End XCConfigurationList section */
	};
	rootObject = EF9D442A2A76B6DC00A70163 /* Project object */;
}
